
Microsoft Visual Studio Solution File, Format Version 12.00
# Visual Studio Version 17
VisualStudioVersion = 17.14.36127.28
MinimumVisualStudioVersion = 10.0.40219.1
Project("{FAE04EC0-301F-11D3-BF4B-00C04F79EFBC}") = "auth-service", "auth-service\auth-service.csproj", "{ADAB5F8A-C6ED-6733-8AFA-B96B0FACA67D}"
EndProject
Project("{E53339B2-1760-4266-BCC7-CA923CBCF16C}") = "docker-compose", "docker-compose.dcproj", "{81DDED9D-158B-E303-5F62-77A2896D2A5A}"
EndProject
Project("{FAE04EC0-301F-11D3-BF4B-00C04F79EFBC}") = "DatabaseMigrator", "DatabaseMigrator\DatabaseMigrator.csproj", "{0D241D7A-5533-47CC-B18A-1A0A70547685}"
EndProject
Project("{2150E333-8FDC-42A3-9474-1A3956D46DE8}") = "db", "db", "{02EA681E-C7D8-13C7-8484-4AC65E1B71E8}"
	ProjectSection(SolutionItems) = preProject
		db\pwhasher.py = db\pwhasher.py
	EndProjectSection
EndProject
Project("{2150E333-8FDC-42A3-9474-1A3956D46DE8}") = "migrations", "migrations", "{8270BC29-BD66-4AD4-ABA1-A476FB8E345D}"
	ProjectSection(SolutionItems) = preProject
		db\migrations\001_init.sql = db\migrations\001_init.sql
	EndProjectSection
EndProject
Global
	GlobalSection(SolutionConfigurationPlatforms) = preSolution
		Debug|Any CPU = Debug|Any CPU
		Release|Any CPU = Release|Any CPU
	EndGlobalSection
	GlobalSection(ProjectConfigurationPlatforms) = postSolution
		{ADAB5F8A-C6ED-6733-8AFA-B96B0FACA67D}.Debug|Any CPU.ActiveCfg = Debug|Any CPU
		{ADAB5F8A-C6ED-6733-8AFA-B96B0FACA67D}.Debug|Any CPU.Build.0 = Debug|Any CPU
		{ADAB5F8A-C6ED-6733-8AFA-B96B0FACA67D}.Release|Any CPU.ActiveCfg = Release|Any CPU
		{ADAB5F8A-C6ED-6733-8AFA-B96B0FACA67D}.Release|Any CPU.Build.0 = Release|Any CPU
		{81DDED9D-158B-E303-5F62-77A2896D2A5A}.Debug|Any CPU.ActiveCfg = Debug|Any CPU
		{81DDED9D-158B-E303-5F62-77A2896D2A5A}.Debug|Any CPU.Build.0 = Debug|Any CPU
		{81DDED9D-158B-E303-5F62-77A2896D2A5A}.Release|Any CPU.ActiveCfg = Release|Any CPU
		{81DDED9D-158B-E303-5F62-77A2896D2A5A}.Release|Any CPU.Build.0 = Release|Any CPU
		{0D241D7A-5533-47CC-B18A-1A0A70547685}.Debug|Any CPU.ActiveCfg = Debug|Any CPU
		{0D241D7A-5533-47CC-B18A-1A0A70547685}.Debug|Any CPU.Build.0 = Debug|Any CPU
		{0D241D7A-5533-47CC-B18A-1A0A70547685}.Release|Any CPU.ActiveCfg = Release|Any CPU
		{0D241D7A-5533-47CC-B18A-1A0A70547685}.Release|Any CPU.Build.0 = Release|Any CPU
	EndGlobalSection
	GlobalSection(SolutionProperties) = preSolution
		HideSolutionNode = FALSE
	EndGlobalSection
	GlobalSection(NestedProjects) = preSolution
		{8270BC29-BD66-4AD4-ABA1-A476FB8E345D} = {02EA681E-C7D8-13C7-8484-4AC65E1B71E8}
	EndGlobalSection
	GlobalSection(ExtensibilityGlobals) = postSolution
		SolutionGuid = {8C943D38-42E6-46D5-9D6F-DB45D4DBEDCC}
	EndGlobalSection
EndGlobal
